// !$*UTF8*$!
{
	archiveVersion = 1;
	classes = {
	};
	objectVersion = 48;
	objects = {

/* Begin PBXBuildFile section */
		523A7BDD1F794F1800EE8DE6 /* Main.storyboard in Resources */ = {isa = PBXBuildFile; fileRef = 52E40FBE1CA05348003591D8 /* Main.storyboard */; };
		526E91151CA5BA0D007828F7 /* MainViewController.m in Sources */ = {isa = PBXBuildFile; fileRef = 526E91141CA5BA0D007828F7 /* MainViewController.m */; };
		52CAADBA1FACC1CF00E04E1A /* Launch.storyboard in Resources */ = {isa = PBXBuildFile; fileRef = 52CAADB91FACC1CF00E04E1A /* Launch.storyboard */; };
		52DD98CA1CA05658001C66C4 /* center.png in Resources */ = {isa = PBXBuildFile; fileRef = 52DD98C21CA05658001C66C4 /* center.png */; };
		52DD98CE1CA05658001C66C4 /* prefs_green.png in Resources */ = {isa = PBXBuildFile; fileRef = 52DD98C61CA05658001C66C4 /* prefs_green.png */; };
		52DD98D01CA05658001C66C4 /* prefs_white.png in Resources */ = {isa = PBXBuildFile; fileRef = 52DD98C81CA05658001C66C4 /* prefs_white.png */; };
		52DD98D11CA05658001C66C4 /* prefs.png in Resources */ = {isa = PBXBuildFile; fileRef = 52DD98C91CA05658001C66C4 /* prefs.png */; };
		52DD98D41CA0566B001C66C4 /* warning.wav in Resources */ = {isa = PBXBuildFile; fileRef = 52DD98D31CA0566B001C66C4 /* warning.wav */; };
		52DD98D61CA06068001C66C4 /* Highway.ttf in Resources */ = {isa = PBXBuildFile; fileRef = 52DD98D51CA06068001C66C4 /* Highway.ttf */; };
		52E40FB71CA05348003591D8 /* main.m in Sources */ = {isa = PBXBuildFile; fileRef = 52E40FB61CA05348003591D8 /* main.m */; };
		52E40FBA1CA05348003591D8 /* AppDelegate.m in Sources */ = {isa = PBXBuildFile; fileRef = 52E40FB91CA05348003591D8 /* AppDelegate.m */; };
		52E40FC21CA05348003591D8 /* Assets.xcassets in Resources */ = {isa = PBXBuildFile; fileRef = 52E40FC11CA05348003591D8 /* Assets.xcassets */; };
		52E40FD01CA05348003591D8 /* N_DashTests.m in Sources */ = {isa = PBXBuildFile; fileRef = 52E40FCF1CA05348003591D8 /* N_DashTests.m */; };
		52E40FDB1CA05348003591D8 /* N_DashUITests.m in Sources */ = {isa = PBXBuildFile; fileRef = 52E40FDA1CA05348003591D8 /* N_DashUITests.m */; };
		52E40FEA1CA05406003591D8 /* AppIcon.appiconset in Resources */ = {isa = PBXBuildFile; fileRef = 52E40FE91CA05406003591D8 /* AppIcon.appiconset */; };
		52E40FEF1CA05428003591D8 /* Digital.ttf in Resources */ = {isa = PBXBuildFile; fileRef = 52E40FED1CA05428003591D8 /* Digital.ttf */; };
		52E40FF11CA0543E003591D8 /* MapKit.framework in Frameworks */ = {isa = PBXBuildFile; fileRef = 52E40FF01CA0543E003591D8 /* MapKit.framework */; };
		52E40FFA1CA05501003591D8 /* EDSunriseSet.m in Sources */ = {isa = PBXBuildFile; fileRef = 52E40FF31CA05501003591D8 /* EDSunriseSet.m */; };
		52E40FFB1CA05501003591D8 /* PreferencesViewController.m in Sources */ = {isa = PBXBuildFile; fileRef = 52E40FF51CA05501003591D8 /* PreferencesViewController.m */; };
		52E40FFC1CA05501003591D8 /* Spectrum.m in Sources */ = {isa = PBXBuildFile; fileRef = 52E40FF71CA05501003591D8 /* Spectrum.m */; };
		52E40FFD1CA05501003591D8 /* WeatherService.m in Sources */ = {isa = PBXBuildFile; fileRef = 52E40FF91CA05501003591D8 /* WeatherService.m */; };
/* End PBXBuildFile section */

/* Begin PBXContainerItemProxy section */
		52E40FCC1CA05348003591D8 /* PBXContainerItemProxy */ = {
			isa = PBXContainerItemProxy;
			containerPortal = 52E40FAA1CA05348003591D8 /* Project object */;
			proxyType = 1;
			remoteGlobalIDString = 52E40FB11CA05348003591D8;
			remoteInfo = "N-Dash";
		};
		52E40FD71CA05348003591D8 /* PBXContainerItemProxy */ = {
			isa = PBXContainerItemProxy;
			containerPortal = 52E40FAA1CA05348003591D8 /* Project object */;
			proxyType = 1;
			remoteGlobalIDString = 52E40FB11CA05348003591D8;
			remoteInfo = "N-Dash";
		};
/* End PBXContainerItemProxy section */

/* Begin PBXFileReference section */
		526E91131CA5BA0D007828F7 /* MainViewController.h */ = {isa = PBXFileReference; fileEncoding = 4; lastKnownFileType = sourcecode.c.h; path = MainViewController.h; sourceTree = "<group>"; };
		526E91141CA5BA0D007828F7 /* MainViewController.m */ = {isa = PBXFileReference; fileEncoding = 4; lastKnownFileType = sourcecode.c.objc; path = MainViewController.m; sourceTree = "<group>"; };
		52CAADB91FACC1CF00E04E1A /* Launch.storyboard */ = {isa = PBXFileReference; lastKnownFileType = file.storyboard; path = Launch.storyboard; sourceTree = "<group>"; };
		52DD98C21CA05658001C66C4 /* center.png */ = {isa = PBXFileReference; lastKnownFileType = image.png; path = center.png; sourceTree = "<group>"; };
		52DD98C61CA05658001C66C4 /* prefs_green.png */ = {isa = PBXFileReference; lastKnownFileType = image.png; path = prefs_green.png; sourceTree = "<group>"; };
		52DD98C81CA05658001C66C4 /* prefs_white.png */ = {isa = PBXFileReference; lastKnownFileType = image.png; path = prefs_white.png; sourceTree = "<group>"; };
		52DD98C91CA05658001C66C4 /* prefs.png */ = {isa = PBXFileReference; lastKnownFileType = image.png; path = prefs.png; sourceTree = "<group>"; };
		52DD98D31CA0566B001C66C4 /* warning.wav */ = {isa = PBXFileReference; lastKnownFileType = audio.wav; path = warning.wav; sourceTree = "<group>"; };
		52DD98D51CA06068001C66C4 /* Highway.ttf */ = {isa = PBXFileReference; lastKnownFileType = file; path = Highway.ttf; sourceTree = "<group>"; };
		52E40FB21CA05348003591D8 /* N-Dash.app */ = {isa = PBXFileReference; explicitFileType = wrapper.application; includeInIndex = 0; path = "N-Dash.app"; sourceTree = BUILT_PRODUCTS_DIR; };
		52E40FB61CA05348003591D8 /* main.m */ = {isa = PBXFileReference; lastKnownFileType = sourcecode.c.objc; path = main.m; sourceTree = "<group>"; };
		52E40FB81CA05348003591D8 /* AppDelegate.h */ = {isa = PBXFileReference; lastKnownFileType = sourcecode.c.h; path = AppDelegate.h; sourceTree = "<group>"; };
		52E40FB91CA05348003591D8 /* AppDelegate.m */ = {isa = PBXFileReference; lastKnownFileType = sourcecode.c.objc; path = AppDelegate.m; sourceTree = "<group>"; };
		52E40FBF1CA05348003591D8 /* Base */ = {isa = PBXFileReference; lastKnownFileType = file.storyboard; name = Base; path = Base.lproj/Main.storyboard; sourceTree = "<group>"; };
		52E40FC11CA05348003591D8 /* Assets.xcassets */ = {isa = PBXFileReference; lastKnownFileType = folder.assetcatalog; path = Assets.xcassets; sourceTree = "<group>"; };
		52E40FC61CA05348003591D8 /* Info.plist */ = {isa = PBXFileReference; lastKnownFileType = text.plist.xml; path = Info.plist; sourceTree = "<group>"; };
		52E40FCB1CA05348003591D8 /* N-DashTests.xctest */ = {isa = PBXFileReference; explicitFileType = wrapper.cfbundle; includeInIndex = 0; path = "N-DashTests.xctest"; sourceTree = BUILT_PRODUCTS_DIR; };
		52E40FCF1CA05348003591D8 /* N_DashTests.m */ = {isa = PBXFileReference; lastKnownFileType = sourcecode.c.objc; path = N_DashTests.m; sourceTree = "<group>"; };
		52E40FD11CA05348003591D8 /* Info.plist */ = {isa = PBXFileReference; lastKnownFileType = text.plist.xml; path = Info.plist; sourceTree = "<group>"; };
		52E40FD61CA05348003591D8 /* N-DashUITests.xctest */ = {isa = PBXFileReference; explicitFileType = wrapper.cfbundle; includeInIndex = 0; path = "N-DashUITests.xctest"; sourceTree = BUILT_PRODUCTS_DIR; };
		52E40FDA1CA05348003591D8 /* N_DashUITests.m */ = {isa = PBXFileReference; lastKnownFileType = sourcecode.c.objc; path = N_DashUITests.m; sourceTree = "<group>"; };
		52E40FDC1CA05348003591D8 /* Info.plist */ = {isa = PBXFileReference; lastKnownFileType = text.plist.xml; path = Info.plist; sourceTree = "<group>"; };
		52E40FE91CA05406003591D8 /* AppIcon.appiconset */ = {isa = PBXFileReference; lastKnownFileType = folder; path = AppIcon.appiconset; sourceTree = "<group>"; };
		52E40FED1CA05428003591D8 /* Digital.ttf */ = {isa = PBXFileReference; lastKnownFileType = file; path = Digital.ttf; sourceTree = "<group>"; };
		52E40FF01CA0543E003591D8 /* MapKit.framework */ = {isa = PBXFileReference; lastKnownFileType = wrapper.framework; name = MapKit.framework; path = System/Library/Frameworks/MapKit.framework; sourceTree = SDKROOT; };
		52E40FF21CA05501003591D8 /* EDSunriseSet.h */ = {isa = PBXFileReference; fileEncoding = 4; lastKnownFileType = sourcecode.c.h; path = EDSunriseSet.h; sourceTree = "<group>"; };
		52E40FF31CA05501003591D8 /* EDSunriseSet.m */ = {isa = PBXFileReference; fileEncoding = 4; lastKnownFileType = sourcecode.c.objc; path = EDSunriseSet.m; sourceTree = "<group>"; };
		52E40FF41CA05501003591D8 /* PreferencesViewController.h */ = {isa = PBXFileReference; fileEncoding = 4; lastKnownFileType = sourcecode.c.h; path = PreferencesViewController.h; sourceTree = "<group>"; };
		52E40FF51CA05501003591D8 /* PreferencesViewController.m */ = {isa = PBXFileReference; fileEncoding = 4; lastKnownFileType = sourcecode.c.objc; path = PreferencesViewController.m; sourceTree = "<group>"; };
		52E40FF61CA05501003591D8 /* Spectrum.h */ = {isa = PBXFileReference; fileEncoding = 4; lastKnownFileType = sourcecode.c.h; path = Spectrum.h; sourceTree = "<group>"; };
		52E40FF71CA05501003591D8 /* Spectrum.m */ = {isa = PBXFileReference; fileEncoding = 4; lastKnownFileType = sourcecode.c.objc; path = Spectrum.m; sourceTree = "<group>"; };
		52E40FF81CA05501003591D8 /* WeatherService.h */ = {isa = PBXFileReference; fileEncoding = 4; lastKnownFileType = sourcecode.c.h; path = WeatherService.h; sourceTree = "<group>"; };
		52E40FF91CA05501003591D8 /* WeatherService.m */ = {isa = PBXFileReference; fileEncoding = 4; lastKnownFileType = sourcecode.c.objc; path = WeatherService.m; sourceTree = "<group>"; };
/* End PBXFileReference section */

/* Begin PBXFrameworksBuildPhase section */
		52E40FAF1CA05348003591D8 /* Frameworks */ = {
			isa = PBXFrameworksBuildPhase;
			buildActionMask = 2147483647;
			files = (
				52E40FF11CA0543E003591D8 /* MapKit.framework in Frameworks */,
			);
			runOnlyForDeploymentPostprocessing = 0;
		};
		52E40FC81CA05348003591D8 /* Frameworks */ = {
			isa = PBXFrameworksBuildPhase;
			buildActionMask = 2147483647;
			files = (
			);
			runOnlyForDeploymentPostprocessing = 0;
		};
		52E40FD31CA05348003591D8 /* Frameworks */ = {
			isa = PBXFrameworksBuildPhase;
			buildActionMask = 2147483647;
			files = (
			);
			runOnlyForDeploymentPostprocessing = 0;
		};
/* End PBXFrameworksBuildPhase section */

/* Begin PBXGroup section */
		52DD98C11CA0563A001C66C4 /* IMAGES */ = {
			isa = PBXGroup;
			children = (
				52DD98C21CA05658001C66C4 /* center.png */,
				52DD98C61CA05658001C66C4 /* prefs_green.png */,
				52DD98C81CA05658001C66C4 /* prefs_white.png */,
				52DD98C91CA05658001C66C4 /* prefs.png */,
			);
			name = IMAGES;
			sourceTree = "<group>";
		};
		52DD98D21CA0565E001C66C4 /* AUDIO */ = {
			isa = PBXGroup;
			children = (
				52DD98D31CA0566B001C66C4 /* warning.wav */,
			);
			name = AUDIO;
			sourceTree = "<group>";
		};
		52E40FA91CA05348003591D8 = {
			isa = PBXGroup;
			children = (
				52E40FF01CA0543E003591D8 /* MapKit.framework */,
				52E40FB41CA05348003591D8 /* N-Dash */,
				52E40FCE1CA05348003591D8 /* N-DashTests */,
				52E40FD91CA05348003591D8 /* N-DashUITests */,
				52E40FB31CA05348003591D8 /* Products */,
			);
			sourceTree = "<group>";
		};
		52E40FB31CA05348003591D8 /* Products */ = {
			isa = PBXGroup;
			children = (
				52E40FB21CA05348003591D8 /* N-Dash.app */,
				52E40FCB1CA05348003591D8 /* N-DashTests.xctest */,
				52E40FD61CA05348003591D8 /* N-DashUITests.xctest */,
			);
			name = Products;
			sourceTree = "<group>";
		};
		52E40FB41CA05348003591D8 /* N-Dash */ = {
			isa = PBXGroup;
			children = (
				52E40FB81CA05348003591D8 /* AppDelegate.h */,
				52E40FB91CA05348003591D8 /* AppDelegate.m */,
				526E91131CA5BA0D007828F7 /* MainViewController.h */,
				526E91141CA5BA0D007828F7 /* MainViewController.m */,
				52E40FF41CA05501003591D8 /* PreferencesViewController.h */,
				52E40FF51CA05501003591D8 /* PreferencesViewController.m */,
				52E40FF21CA05501003591D8 /* EDSunriseSet.h */,
				52E40FF31CA05501003591D8 /* EDSunriseSet.m */,
				52E40FF61CA05501003591D8 /* Spectrum.h */,
				52E40FF71CA05501003591D8 /* Spectrum.m */,
				52E40FF81CA05501003591D8 /* WeatherService.h */,
				52E40FF91CA05501003591D8 /* WeatherService.m */,
				52E40FE81CA053E0003591D8 /* Resources */,
				52E40FBE1CA05348003591D8 /* Main.storyboard */,
				52CAADB91FACC1CF00E04E1A /* Launch.storyboard */,
				52E40FC11CA05348003591D8 /* Assets.xcassets */,
				52E40FC61CA05348003591D8 /* Info.plist */,
				52E40FB51CA05348003591D8 /* Supporting Files */,
			);
			path = "N-Dash";
			sourceTree = "<group>";
		};
		52E40FB51CA05348003591D8 /* Supporting Files */ = {
			isa = PBXGroup;
			children = (
				52E40FB61CA05348003591D8 /* main.m */,
			);
			name = "Supporting Files";
			sourceTree = "<group>";
		};
		52E40FCE1CA05348003591D8 /* N-DashTests */ = {
			isa = PBXGroup;
			children = (
				52E40FCF1CA05348003591D8 /* N_DashTests.m */,
				52E40FD11CA05348003591D8 /* Info.plist */,
			);
			path = "N-DashTests";
			sourceTree = "<group>";
		};
		52E40FD91CA05348003591D8 /* N-DashUITests */ = {
			isa = PBXGroup;
			children = (
				52E40FDA1CA05348003591D8 /* N_DashUITests.m */,
				52E40FDC1CA05348003591D8 /* Info.plist */,
			);
			path = "N-DashUITests";
			sourceTree = "<group>";
		};
		52E40FE81CA053E0003591D8 /* Resources */ = {
			isa = PBXGroup;
			children = (
				52DD98D21CA0565E001C66C4 /* AUDIO */,
				52DD98C11CA0563A001C66C4 /* IMAGES */,
				52E40FEB1CA05418003591D8 /* FONTS */,
				52E40FE91CA05406003591D8 /* AppIcon.appiconset */,
			);
			name = Resources;
			sourceTree = "<group>";
		};
		52E40FEB1CA05418003591D8 /* FONTS */ = {
			isa = PBXGroup;
			children = (
				52DD98D51CA06068001C66C4 /* Highway.ttf */,
				52E40FED1CA05428003591D8 /* Digital.ttf */,
			);
			name = FONTS;
			sourceTree = "<group>";
		};
/* End PBXGroup section */

/* Begin PBXNativeTarget section */
		52E40FB11CA05348003591D8 /* N-Dash */ = {
			isa = PBXNativeTarget;
			buildConfigurationList = 52E40FDF1CA05348003591D8 /* Build configuration list for PBXNativeTarget "N-Dash" */;
			buildPhases = (
				52E40FAE1CA05348003591D8 /* Sources */,
				52E40FAF1CA05348003591D8 /* Frameworks */,
				52E40FB01CA05348003591D8 /* Resources */,
			);
			buildRules = (
			);
			dependencies = (
			);
			name = "N-Dash";
			productName = "N-Dash";
			productReference = 52E40FB21CA05348003591D8 /* N-Dash.app */;
			productType = "com.apple.product-type.application";
		};
		52E40FCA1CA05348003591D8 /* N-DashTests */ = {
			isa = PBXNativeTarget;
			buildConfigurationList = 52E40FE21CA05348003591D8 /* Build configuration list for PBXNativeTarget "N-DashTests" */;
			buildPhases = (
				52E40FC71CA05348003591D8 /* Sources */,
				52E40FC81CA05348003591D8 /* Frameworks */,
				52E40FC91CA05348003591D8 /* Resources */,
			);
			buildRules = (
			);
			dependencies = (
				52E40FCD1CA05348003591D8 /* PBXTargetDependency */,
			);
			name = "N-DashTests";
			productName = "N-DashTests";
			productReference = 52E40FCB1CA05348003591D8 /* N-DashTests.xctest */;
			productType = "com.apple.product-type.bundle.unit-test";
		};
		52E40FD51CA05348003591D8 /* N-DashUITests */ = {
			isa = PBXNativeTarget;
			buildConfigurationList = 52E40FE51CA05348003591D8 /* Build configuration list for PBXNativeTarget "N-DashUITests" */;
			buildPhases = (
				52E40FD21CA05348003591D8 /* Sources */,
				52E40FD31CA05348003591D8 /* Frameworks */,
				52E40FD41CA05348003591D8 /* Resources */,
			);
			buildRules = (
			);
			dependencies = (
				52E40FD81CA05348003591D8 /* PBXTargetDependency */,
			);
			name = "N-DashUITests";
			productName = "N-DashUITests";
			productReference = 52E40FD61CA05348003591D8 /* N-DashUITests.xctest */;
			productType = "com.apple.product-type.bundle.ui-testing";
		};
/* End PBXNativeTarget section */

/* Begin PBXProject section */
		52E40FAA1CA05348003591D8 /* Project object */ = {
			isa = PBXProject;
			attributes = {
				LastUpgradeCheck = 0900;
				ORGANIZATIONNAME = "StimpSoft, Inc.™ LLC";
				TargetAttributes = {
					52E40FB11CA05348003591D8 = {
						CreatedOnToolsVersion = 7.2.1;
						SystemCapabilities = {
							com.apple.Maps.iOS = {
								enabled = 1;
							};
						};
					};
					52E40FCA1CA05348003591D8 = {
						CreatedOnToolsVersion = 7.2.1;
						TestTargetID = 52E40FB11CA05348003591D8;
					};
					52E40FD51CA05348003591D8 = {
						CreatedOnToolsVersion = 7.2.1;
						TestTargetID = 52E40FB11CA05348003591D8;
					};
				};
			};
			buildConfigurationList = 52E40FAD1CA05348003591D8 /* Build configuration list for PBXProject "N-Dash" */;
			compatibilityVersion = "Xcode 8.0";
			developmentRegion = English;
			hasScannedForEncodings = 0;
			knownRegions = (
				en,
				Base,
			);
			mainGroup = 52E40FA91CA05348003591D8;
			productRefGroup = 52E40FB31CA05348003591D8 /* Products */;
			projectDirPath = "";
			projectRoot = "";
			targets = (
				52E40FB11CA05348003591D8 /* N-Dash */,
				52E40FCA1CA05348003591D8 /* N-DashTests */,
				52E40FD51CA05348003591D8 /* N-DashUITests */,
			);
		};
/* End PBXProject section */

/* Begin PBXResourcesBuildPhase section */
		52E40FB01CA05348003591D8 /* Resources */ = {
			isa = PBXResourcesBuildPhase;
			buildActionMask = 2147483647;
			files = (
				52DD98D61CA06068001C66C4 /* Highway.ttf in Resources */,
				523A7BDD1F794F1800EE8DE6 /* Main.storyboard in Resources */,
				52DD98CE1CA05658001C66C4 /* prefs_green.png in Resources */,
				52DD98D41CA0566B001C66C4 /* warning.wav in Resources */,
				52E40FEA1CA05406003591D8 /* AppIcon.appiconset in Resources */,
				52DD98D01CA05658001C66C4 /* prefs_white.png in Resources */,
				52DD98D11CA05658001C66C4 /* prefs.png in Resources */,
				52E40FC21CA05348003591D8 /* Assets.xcassets in Resources */,
				52CAADBA1FACC1CF00E04E1A /* Launch.storyboard in Resources */,
				52DD98CA1CA05658001C66C4 /* center.png in Resources */,
				52E40FEF1CA05428003591D8 /* Digital.ttf in Resources */,
			);
			runOnlyForDeploymentPostprocessing = 0;
		};
		52E40FC91CA05348003591D8 /* Resources */ = {
			isa = PBXResourcesBuildPhase;
			buildActionMask = 2147483647;
			files = (
			);
			runOnlyForDeploymentPostprocessing = 0;
		};
		52E40FD41CA05348003591D8 /* Resources */ = {
			isa = PBXResourcesBuildPhase;
			buildActionMask = 2147483647;
			files = (
			);
			runOnlyForDeploymentPostprocessing = 0;
		};
/* End PBXResourcesBuildPhase section */

/* Begin PBXSourcesBuildPhase section */
		52E40FAE1CA05348003591D8 /* Sources */ = {
			isa = PBXSourcesBuildPhase;
			buildActionMask = 2147483647;
			files = (
				52E40FFC1CA05501003591D8 /* Spectrum.m in Sources */,
				52E40FBA1CA05348003591D8 /* AppDelegate.m in Sources */,
				52E40FFD1CA05501003591D8 /* WeatherService.m in Sources */,
				52E40FFB1CA05501003591D8 /* PreferencesViewController.m in Sources */,
				526E91151CA5BA0D007828F7 /* MainViewController.m in Sources */,
				52E40FB71CA05348003591D8 /* main.m in Sources */,
				52E40FFA1CA05501003591D8 /* EDSunriseSet.m in Sources */,
			);
			runOnlyForDeploymentPostprocessing = 0;
		};
		52E40FC71CA05348003591D8 /* Sources */ = {
			isa = PBXSourcesBuildPhase;
			buildActionMask = 2147483647;
			files = (
				52E40FD01CA05348003591D8 /* N_DashTests.m in Sources */,
			);
			runOnlyForDeploymentPostprocessing = 0;
		};
		52E40FD21CA05348003591D8 /* Sources */ = {
			isa = PBXSourcesBuildPhase;
			buildActionMask = 2147483647;
			files = (
				52E40FDB1CA05348003591D8 /* N_DashUITests.m in Sources */,
			);
			runOnlyForDeploymentPostprocessing = 0;
		};
/* End PBXSourcesBuildPhase section */

/* Begin PBXTargetDependency section */
		52E40FCD1CA05348003591D8 /* PBXTargetDependency */ = {
			isa = PBXTargetDependency;
			target = 52E40FB11CA05348003591D8 /* N-Dash */;
			targetProxy = 52E40FCC1CA05348003591D8 /* PBXContainerItemProxy */;
		};
		52E40FD81CA05348003591D8 /* PBXTargetDependency */ = {
			isa = PBXTargetDependency;
			target = 52E40FB11CA05348003591D8 /* N-Dash */;
			targetProxy = 52E40FD71CA05348003591D8 /* PBXContainerItemProxy */;
		};
/* End PBXTargetDependency section */

/* Begin PBXVariantGroup section */
		52E40FBE1CA05348003591D8 /* Main.storyboard */ = {
			isa = PBXVariantGroup;
			children = (
				52E40FBF1CA05348003591D8 /* Base */,
			);
			name = Main.storyboard;
			sourceTree = "<group>";
		};
/* End PBXVariantGroup section */

/* Begin XCBuildConfiguration section */
		52E40FDD1CA05348003591D8 /* Debug */ = {
			isa = XCBuildConfiguration;
			buildSettings = {
				ALWAYS_SEARCH_USER_PATHS = NO;
				CLANG_CXX_LANGUAGE_STANDARD = "gnu++0x";
				CLANG_CXX_LIBRARY = "libc++";
				CLANG_ENABLE_MODULES = YES;
				CLANG_ENABLE_OBJC_ARC = YES;
				CLANG_WARN_BLOCK_CAPTURE_AUTORELEASING = YES;
				CLANG_WARN_BOOL_CONVERSION = YES;
				CLANG_WARN_COMMA = YES;
				CLANG_WARN_CONSTANT_CONVERSION = YES;
				CLANG_WARN_DIRECT_OBJC_ISA_USAGE = YES_ERROR;
				CLANG_WARN_EMPTY_BODY = YES;
				CLANG_WARN_ENUM_CONVERSION = YES;
				CLANG_WARN_INFINITE_RECURSION = YES;
				CLANG_WARN_INT_CONVERSION = YES;
				CLANG_WARN_NON_LITERAL_NULL_CONVERSION = YES;
				CLANG_WARN_OBJC_LITERAL_CONVERSION = YES;
				CLANG_WARN_OBJC_ROOT_CLASS = YES_ERROR;
				CLANG_WARN_RANGE_LOOP_ANALYSIS = YES;
				CLANG_WARN_STRICT_PROTOTYPES = YES;
				CLANG_WARN_SUSPICIOUS_MOVE = YES;
				CLANG_WARN_UNREACHABLE_CODE = YES;
				CLANG_WARN__DUPLICATE_METHOD_MATCH = YES;
				"CODE_SIGN_IDENTITY[sdk=iphoneos*]" = "iPhone Developer";
				COPY_PHASE_STRIP = NO;
				DEBUG_INFORMATION_FORMAT = dwarf;
				ENABLE_STRICT_OBJC_MSGSEND = YES;
				ENABLE_TESTABILITY = YES;
				GCC_C_LANGUAGE_STANDARD = gnu99;
				GCC_DYNAMIC_NO_PIC = NO;
				GCC_NO_COMMON_BLOCKS = YES;
				GCC_OPTIMIZATION_LEVEL = 0;
				GCC_PREPROCESSOR_DEFINITIONS = (
					"DEBUG=1",
					"$(inherited)",
				);
				GCC_WARN_64_TO_32_BIT_CONVERSION = YES;
				GCC_WARN_ABOUT_RETURN_TYPE = YES_ERROR;
				GCC_WARN_UNDECLARED_SELECTOR = YES;
				GCC_WARN_UNINITIALIZED_AUTOS = YES_AGGRESSIVE;
				GCC_WARN_UNUSED_FUNCTION = YES;
				GCC_WARN_UNUSED_VARIABLE = YES;
				IPHONEOS_DEPLOYMENT_TARGET = 11.1;
				MTL_ENABLE_DEBUG_INFO = YES;
				ONLY_ACTIVE_ARCH = YES;
				SDKROOT = iphoneos;
			};
			name = Debug;
		};
		52E40FDE1CA05348003591D8 /* Release */ = {
			isa = XCBuildConfiguration;
			buildSettings = {
				ALWAYS_SEARCH_USER_PATHS = NO;
				CLANG_CXX_LANGUAGE_STANDARD = "gnu++0x";
				CLANG_CXX_LIBRARY = "libc++";
				CLANG_ENABLE_MODULES = YES;
				CLANG_ENABLE_OBJC_ARC = YES;
				CLANG_WARN_BLOCK_CAPTURE_AUTORELEASING = YES;
				CLANG_WARN_BOOL_CONVERSION = YES;
				CLANG_WARN_COMMA = YES;
				CLANG_WARN_CONSTANT_CONVERSION = YES;
				CLANG_WARN_DIRECT_OBJC_ISA_USAGE = YES_ERROR;
				CLANG_WARN_EMPTY_BODY = YES;
				CLANG_WARN_ENUM_CONVERSION = YES;
				CLANG_WARN_INFINITE_RECURSION = YES;
				CLANG_WARN_INT_CONVERSION = YES;
				CLANG_WARN_NON_LITERAL_NULL_CONVERSION = YES;
				CLANG_WARN_OBJC_LITERAL_CONVERSION = YES;
				CLANG_WARN_OBJC_ROOT_CLASS = YES_ERROR;
				CLANG_WARN_RANGE_LOOP_ANALYSIS = YES;
				CLANG_WARN_STRICT_PROTOTYPES = YES;
				CLANG_WARN_SUSPICIOUS_MOVE = YES;
				CLANG_WARN_UNREACHABLE_CODE = YES;
				CLANG_WARN__DUPLICATE_METHOD_MATCH = YES;
				"CODE_SIGN_IDENTITY[sdk=iphoneos*]" = "iPhone Developer";
				COPY_PHASE_STRIP = NO;
				DEBUG_INFORMATION_FORMAT = "dwarf-with-dsym";
				ENABLE_NS_ASSERTIONS = NO;
				ENABLE_STRICT_OBJC_MSGSEND = YES;
				GCC_C_LANGUAGE_STANDARD = gnu99;
				GCC_NO_COMMON_BLOCKS = YES;
				GCC_WARN_64_TO_32_BIT_CONVERSION = YES;
				GCC_WARN_ABOUT_RETURN_TYPE = YES_ERROR;
				GCC_WARN_UNDECLARED_SELECTOR = YES;
				GCC_WARN_UNINITIALIZED_AUTOS = YES_AGGRESSIVE;
				GCC_WARN_UNUSED_FUNCTION = YES;
				GCC_WARN_UNUSED_VARIABLE = YES;
				IPHONEOS_DEPLOYMENT_TARGET = 11.1;
				MTL_ENABLE_DEBUG_INFO = NO;
				SDKROOT = iphoneos;
				VALIDATE_PRODUCT = YES;
			};
			name = Release;
		};
		52E40FE01CA05348003591D8 /* Debug */ = {
			isa = XCBuildConfiguration;
			buildSettings = {
				ASSETCATALOG_COMPILER_APPICON_NAME = AppIcon;
				CODE_SIGN_IDENTITY = "iPhone Developer";
				DEVELOPMENT_TEAM = 37VX9KSYDJ;
				INFOPLIST_FILE = "N-Dash/Info.plist";
				IPHONEOS_DEPLOYMENT_TARGET = 11.1;
				LD_RUNPATH_SEARCH_PATHS = "$(inherited) @executable_path/Frameworks";
				PRODUCT_BUNDLE_IDENTIFIER = "frobble.N-Dash";
				PRODUCT_NAME = "$(TARGET_NAME)";
			};
			name = Debug;
		};
		52E40FE11CA05348003591D8 /* Release */ = {
			isa = XCBuildConfiguration;
			buildSettings = {
				ASSETCATALOG_COMPILER_APPICON_NAME = AppIcon;
				CODE_SIGN_IDENTITY = "iPhone Developer";
				DEVELOPMENT_TEAM = 37VX9KSYDJ;
				INFOPLIST_FILE = "N-Dash/Info.plist";
				IPHONEOS_DEPLOYMENT_TARGET = 11.1;
				LD_RUNPATH_SEARCH_PATHS = "$(inherited) @executable_path/Frameworks";
				PRODUCT_BUNDLE_IDENTIFIER = "frobble.N-Dash";
				PRODUCT_NAME = "$(TARGET_NAME)";
			};
			name = Release;
		};
		52E40FE31CA05348003591D8 /* Debug */ = {
			isa = XCBuildConfiguration;
			buildSettings = {
				BUNDLE_LOADER = "$(TEST_HOST)";
				INFOPLIST_FILE = "N-DashTests/Info.plist";
				LD_RUNPATH_SEARCH_PATHS = "$(inherited) @executable_path/Frameworks @loader_path/Frameworks";
				PRODUCT_BUNDLE_IDENTIFIER = "stimpsoft.N-DashTests";
				PRODUCT_NAME = "$(TARGET_NAME)";
				TEST_HOST = "$(BUILT_PRODUCTS_DIR)/N-Dash.app/N-Dash";
			};
			name = Debug;
		};
		52E40FE41CA05348003591D8 /* Release */ = {
			isa = XCBuildConfiguration;
			buildSettings = {
				BUNDLE_LOADER = "$(TEST_HOST)";
				INFOPLIST_FILE = "N-DashTests/Info.plist";
				LD_RUNPATH_SEARCH_PATHS = "$(inherited) @executable_path/Frameworks @loader_path/Frameworks";
				PRODUCT_BUNDLE_IDENTIFIER = "stimpsoft.N-DashTests";
				PRODUCT_NAME = "$(TARGET_NAME)";
				TEST_HOST = "$(BUILT_PRODUCTS_DIR)/N-Dash.app/N-Dash";
			};
			name = Release;
		};
		52E40FE61CA05348003591D8 /* Debug */ = {
			isa = XCBuildConfiguration;
			buildSettings = {
				INFOPLIST_FILE = "N-DashUITests/Info.plist";
				LD_RUNPATH_SEARCH_PATHS = "$(inherited) @executable_path/Frameworks @loader_path/Frameworks";
				PRODUCT_BUNDLE_IDENTIFIER = "stimpsoft.N-DashUITests";
				PRODUCT_NAME = "$(TARGET_NAME)";
				TEST_TARGET_NAME = "N-Dash";
				USES_XCTRUNNER = YES;
			};
			name = Debug;
		};
		52E40FE71CA05348003591D8 /* Release */ = {
			isa = XCBuildConfiguration;
			buildSettings = {
				INFOPLIST_FILE = "N-DashUITests/Info.plist";
				LD_RUNPATH_SEARCH_PATHS = "$(inherited) @executable_path/Frameworks @loader_path/Frameworks";
				PRODUCT_BUNDLE_IDENTIFIER = "stimpsoft.N-DashUITests";
				PRODUCT_NAME = "$(TARGET_NAME)";
				TEST_TARGET_NAME = "N-Dash";
				USES_XCTRUNNER = YES;
			};
			name = Release;
		};
/* End XCBuildConfiguration section */

/* Begin XCConfigurationList section */
		52E40FAD1CA05348003591D8 /* Build configuration list for PBXProject "N-Dash" */ = {
			isa = XCConfigurationList;
			buildConfigurations = (
				52E40FDD1CA05348003591D8 /* Debug */,
				52E40FDE1CA05348003591D8 /* Release */,
			);
			defaultConfigurationIsVisible = 0;
			defaultConfigurationName = Release;
		};
		52E40FDF1CA05348003591D8 /* Build configuration list for PBXNativeTarget "N-Dash" */ = {
			isa = XCConfigurationList;
			buildConfigurations = (
				52E40FE01CA05348003591D8 /* Debug */,
				52E40FE11CA05348003591D8 /* Release */,
			);
			defaultConfigurationIsVisible = 0;
			defaultConfigurationName = Release;
		};
		52E40FE21CA05348003591D8 /* Build configuration list for PBXNativeTarget "N-DashTests" */ = {
			isa = XCConfigurationList;
			buildConfigurations = (
				52E40FE31CA05348003591D8 /* Debug */,
				52E40FE41CA05348003591D8 /* Release */,
			);
			defaultConfigurationIsVisible = 0;
			defaultConfigurationName = Release;
		};
		52E40FE51CA05348003591D8 /* Build configuration list for PBXNativeTarget "N-DashUITests" */ = {
			isa = XCConfigurationList;
			buildConfigurations = (
				52E40FE61CA05348003591D8 /* Debug */,
				52E40FE71CA05348003591D8 /* Release */,
			);
			defaultConfigurationIsVisible = 0;
			defaultConfigurationName = Release;
		};
/* End XCConfigurationList section */
	};
	rootObject = 52E40FAA1CA05348003591D8 /* Project object */;
}
